
Microsoft Visual Studio Solution File, Format Version 12.00
# Visual Studio Version 17
VisualStudioVersion = 17.5.002.0
MinimumVisualStudioVersion = 10.0.40219.1
Project("{9A19103F-16F7-4668-BE54-9A1E7A4F7556}") = "Kahveci", "Kahveci.csproj", "{D8AC7B26-6279-402E-9368-AE871486A7FE}"
EndProject
Global
	GlobalSection(SolutionConfigurationPlatforms) = preSolution
		Debug|Any CPU = Debug|Any CPU
		Release|Any CPU = Release|Any CPU
	EndGlobalSection
	GlobalSection(ProjectConfigurationPlatforms) = postSolution
		{D8AC7B26-6279-402E-9368-AE871486A7FE}.Debug|Any CPU.ActiveCfg = Debug|Any CPU
		{D8AC7B26-6279-402E-9368-AE871486A7FE}.Debug|Any CPU.Build.0 = Debug|Any CPU
		{D8AC7B26-6279-402E-9368-AE871486A7FE}.Release|Any CPU.ActiveCfg = Release|Any CPU
		{D8AC7B26-6279-402E-9368-AE871486A7FE}.Release|Any CPU.Build.0 = Release|Any CPU
	EndGlobalSection
	GlobalSection(SolutionProperties) = preSolution
		HideSolutionNode = FALSE
	EndGlobalSection
	GlobalSection(ExtensibilityGlobals) = postSolution
		SolutionGuid = {FCEFCCEA-36C6-4A41-8D5A-68F0DA3D2F4F}
	EndGlobalSection
EndGlobal
